{
  "name": "node-red-contrib-modbus",
  "version": "5.13.3",
  "lockfileVersion": 1,
  "requires": true,
  "dependencies": {
    "@serialport/list": {
      "version": "9.0.0",
      "optional": true,
      "requires": {
        "@serialport/bindings": "^9.0.0",
        "commander": "^5.1.0"
      },
      "dependencies": {
        "@serialport/bindings": {
          "version": "9.0.0",
          "optional": true,
          "requires": {
            "debug": "^4.1.1"
          }
        },
        "commander": {
          "version": "5.1.0",
          "optional": true
        }
      }
    },
    "@xstate/fsm": {
      "version": "1.4.0"
    },
    "bson": {
      "version": "4.0.4",
      "requires": {
        "buffer": "^5.1.0",
        "long": "^4.0.0"
      },
      "dependencies": {
        "buffer": {
          "version": "5.6.0"
        },
        "long": {
          "version": "4.0.0"
        }
      }
    },
    "debug": {
      "version": "4.1.1",
      "requires": {
        "ms": "^2.1.1"
      },
      "dependencies": {
        "ms": {
          "version": "2.1.2"
        }
      }
    },
    "jsmodbus": {
      "version": "4.0.4",
      "requires": {
        "crc": "3.4.0",
        "debug": "^3.1.0"
      },
      "dependencies": {
        "crc": {
          "version": "3.4.0"
        },
        "debug": {
          "version": "3.2.6",
          "requires": {
            "ms": "^2.1.1"
          },
          "dependencies": {
            "ms": {
              "version": "2.1.2"
            }
          }
        }
      }
    },
    "line-by-line": {
      "version": "0.1.6"
    },
    "modbus-serial": {
      "version": "7.8.1",
      "requires": {
        "debug": "^4.1.1",
        "serialport": "^8.0.6"
      },
      "dependencies": {
        "debug": {
          "version": "4.2.0"
        },
        "serialport": {
          "version": "8.0.8",
          "requires": {
            "@serialport/binding-mock": "^8.0.6",
            "@serialport/bindings": "^8.0.8",
            "@serialport/parser-byte-length": "^8.0.6",
            "@serialport/parser-cctalk": "^8.0.6",
            "@serialport/parser-delimiter": "^8.0.6",
            "@serialport/parser-readline": "^8.0.6",
            "@serialport/parser-ready": "^8.0.6",
            "@serialport/parser-regex": "^8.0.6",
            "@serialport/stream": "^8.0.6",
            "debug": "^4.1.1"
          },
          "dependencies": {
            "@serialport/binding-mock": {
              "version": "8.0.6",
              "requires": {
                "@serialport/binding-abstract": "^8.0.6",
                "debug": "^4.1.1"
              },
              "dependencies": {
                "@serialport/binding-abstract": {
                  "version": "8.0.6",
                  "requires": {
                    "debug": "^4.1.1"
                  },
                  "dependencies": {
                    "debug": {
                      "version": "4.2.0"
                    }
                  }
                },
                "debug": {
                  "version": "4.2.0"
                }
              }
            },
            "@serialport/bindings": {
              "version": "8.0.8",
              "requires": {
                "@serialport/binding-abstract": "^8.0.6",
                "@serialport/parser-readline": "^8.0.6",
                "bindings": "^1.5.0",
                "debug": "^4.1.1",
                "nan": "^2.14.0",
                "prebuild-install": "^5.3.0"
              },
              "dependencies": {
                "@serialport/binding-abstract": {
                  "version": "8.0.6",
                  "requires": {
                    "debug": "^4.1.1"
                  }
                },
                "@serialport/parser-readline": {
                  "version": "8.0.6",
                  "requires": {
                    "@serialport/parser-delimiter": "^8.0.6"
                  },
                  "dependencies": {
                    "@serialport/parser-delimiter": {
                      "version": "8.0.6"
                    }
                  }
                },
                "bindings": {
                  "version": "1.5.0"
                },
                "debug": {
                  "version": "4.2.0"
                },
                "nan": {
                  "version": "2.14.1"
                },
                "prebuild-install": {
                  "version": "5.3.5"
                }
              }
            },
            "@serialport/parser-byte-length": {
              "version": "8.0.6"
            },
            "@serialport/parser-cctalk": {
              "version": "8.0.6"
            },
            "@serialport/parser-delimiter": {
              "version": "8.0.6"
            },
            "@serialport/parser-readline": {
              "version": "8.0.6",
              "requires": {
                "@serialport/parser-delimiter": "^8.0.6"
              }
            },
            "@serialport/parser-ready": {
              "version": "8.0.6"
            },
            "@serialport/parser-regex": {
              "version": "8.0.6"
            },
            "@serialport/stream": {
              "version": "8.0.6",
              "requires": {
                "debug": "^4.1.1"
              },
              "dependencies": {
                "debug": {
                  "version": "4.2.0"
                }
              }
            },
            "debug": {
              "version": "4.2.0"
            }
          }
        }
      }
    },
    "serialport": {
      "version": "9.0.0",
      "optional": true,
      "requires": {
        "@serialport/binding-mock": "^9.0.0",
        "@serialport/bindings": "^9.0.0",
        "@serialport/parser-byte-length": "^9.0.0",
        "@serialport/parser-cctalk": "^9.0.0",
        "@serialport/parser-delimiter": "^9.0.0",
        "@serialport/parser-readline": "^9.0.0",
        "@serialport/parser-ready": "^9.0.0",
        "@serialport/parser-regex": "^9.0.0",
        "@serialport/stream": "^9.0.0",
        "debug": "^4.1.1"
      },
      "dependencies": {
        "@serialport/binding-mock": {
          "version": "9.0.0",
          "optional": true,
          "requires": {
            "@serialport/binding-abstract": "^9.0.0",
            "debug": "^4.1.1"
          },
          "dependencies": {
            "@serialport/binding-abstract": {
              "version": "9.0.0",
              "optional": true,
              "requires": {
                "debug": "^4.1.1"
              },
              "dependencies": {
                "debug": {
                  "version": "4.2.0",
                  "optional": true,
                  "requires": {
                    "ms": "2.1.2"
                  },
                  "dependencies": {
                    "ms": {
                      "version": "2.1.2",
                      "optional": true
                    }
                  }
                }
              }
            },
            "debug": {
              "version": "4.2.0",
              "optional": true
            }
          }
        },
        "@serialport/bindings": {
          "version": "9.0.0",
          "optional": true,
          "requires": {
            "@serialport/binding-abstract": "^9.0.0",
            "@serialport/parser-readline": "^9.0.0",
            "bindings": "^1.5.0",
            "debug": "^4.1.1",
            "nan": "^2.14.1",
            "prebuild-install": "^5.3.3"
          },
          "dependencies": {
            "@serialport/binding-abstract": {
              "version": "9.0.0",
              "optional": true,
              "requires": {
                "debug": "^4.1.1"
              }
            },
            "@serialport/parser-readline": {
              "version": "9.0.0",
              "optional": true,
              "requires": {
                "@serialport/parser-delimiter": "^9.0.0"
              },
              "dependencies": {
                "@serialport/parser-delimiter": {
                  "version": "9.0.0",
                  "optional": true
                }
              }
            },
            "bindings": {
              "version": "1.5.0",
              "optional": true,
              "requires": {
                "file-uri-to-path": "1.0.0"
              },
              "dependencies": {
                "file-uri-to-path": {
                  "version": "1.0.0",
                  "optional": true
                }
              }
            },
            "debug": {
              "version": "4.2.0"
            },
            "nan": {
              "version": "2.14.1",
              "optional": true
            },
            "prebuild-install": {
              "version": "5.3.5",
              "optional": true,
              "requires": {
                "detect-libc": "^1.0.3",
                "expand-template": "^2.0.3",
                "github-from-package": "0.0.0",
                "minimist": "^1.2.3",
                "mkdirp": "^0.5.1",
                "napi-build-utils": "^1.0.1",
                "node-abi": "^2.7.0",
                "noop-logger": "^0.1.1",
                "npmlog": "^4.0.1",
                "pump": "^3.0.0",
                "rc": "^1.2.7",
                "simple-get": "^3.0.3",
                "tar-fs": "^2.0.0",
                "tunnel-agent": "^0.6.0",
                "which-pm-runs": "^1.0.0"
              },
              "dependencies": {
                "detect-libc": {
                  "version": "1.0.3",
                  "optional": true
                },
                "expand-template": {
                  "version": "2.0.3",
                  "optional": true
                },
                "github-from-package": {
                  "version": "0.0.0",
                  "optional": true
                },
                "minimist": {
                  "version": "1.2.5",
                  "optional": true
                },
                "mkdirp": {
                  "version": "0.5.5",
                  "optional": true,
                  "requires": {
                    "minimist": "^1.2.5"
                  },
                  "dependencies": {
                    "minimist": {
                      "version": "1.2.5",
                      "optional": true
                    }
                  }
                },
                "napi-build-utils": {
                  "version": "1.0.2",
                  "optional": true
                },
                "node-abi": {
                  "version": "2.18.0",
                  "optional": true,
                  "requires": {
                    "semver": "^5.4.1"
                  },
                  "dependencies": {
                    "semver": {
                      "version": "5.7.1",
                      "optional": true
                    }
                  }
                },
                "noop-logger": {
                  "version": "0.1.1",
                  "optional": true
                },
                "npmlog": {
                  "version": "4.1.2",
                  "optional": true,
                  "requires": {
                    "are-we-there-yet": "~1.1.2",
                    "console-control-strings": "~1.1.0",
                    "gauge": "~2.7.3",
                    "set-blocking": "~2.0.0"
                  },
                  "dependencies": {
                    "are-we-there-yet": {
                      "version": "1.1.5",
                      "optional": true,
                      "requires": {
                        "delegates": "^1.0.0",
                        "readable-stream": "^2.0.6"
                      },
                      "dependencies": {
                        "delegates": {
                          "version": "1.0.0",
                          "optional": true
                        },
                        "readable-stream": {
                          "version": "2.3.7",
                          "optional": true,
                          "requires": {
                            "core-util-is": "~1.0.0",
                            "inherits": "~2.0.3",
                            "isarray": "~1.0.0",
                            "process-nextick-args": "~2.0.0",
                            "safe-buffer": "~5.1.1",
                            "string_decoder": "~1.1.1",
                            "util-deprecate": "~1.0.1"
                          },
                          "dependencies": {
                            "core-util-is": {
                              "version": "1.0.2",
                              "optional": true
                            },
                            "inherits": {
                              "version": "2.0.4",
                              "optional": true
                            },
                            "isarray": {
                              "version": "1.0.0",
                              "optional": true
                            },
                            "process-nextick-args": {
                              "version": "2.0.1",
                              "optional": true
                            },
                            "safe-buffer": {
                              "version": "5.1.2",
                              "optional": true
                            },
                            "string_decoder": {
                              "version": "1.1.1",
                              "optional": true,
                              "requires": {
                                "safe-buffer": "~5.1.0"
                              },
                              "dependencies": {
                                "safe-buffer": {
                                  "version": "5.1.2",
                                  "optional": true
                                }
                              }
                            },
                            "util-deprecate": {
                              "version": "1.0.2",
                              "optional": true
                            }
                          }
                        }
                      }
                    },
                    "console-control-strings": {
                      "version": "1.1.0",
                      "optional": true
                    },
                    "gauge": {
                      "version": "2.7.4",
                      "optional": true,
                      "requires": {
                        "aproba": "^1.0.3",
                        "console-control-strings": "^1.0.0",
                        "has-unicode": "^2.0.0",
                        "object-assign": "^4.1.0",
                        "signal-exit": "^3.0.0",
                        "string-width": "^1.0.1",
                        "strip-ansi": "^3.0.1",
                        "wide-align": "^1.1.0"
                      },
                      "dependencies": {
                        "aproba": {
                          "version": "1.2.0",
                          "optional": true
                        },
                        "console-control-strings": {
                          "version": "1.1.0",
                          "optional": true
                        },
                        "has-unicode": {
                          "version": "2.0.1",
                          "optional": true
                        },
                        "object-assign": {
                          "version": "4.1.1",
                          "optional": true
                        },
                        "signal-exit": {
                          "version": "3.0.3",
                          "optional": true
                        },
                        "string-width": {
                          "version": "1.0.2",
                          "optional": true,
                          "requires": {
                            "code-point-at": "^1.0.0",
                            "is-fullwidth-code-point": "^1.0.0",
                            "strip-ansi": "^3.0.0"
                          },
                          "dependencies": {
                            "code-point-at": {
                              "version": "1.1.0",
                              "optional": true
                            },
                            "is-fullwidth-code-point": {
                              "version": "1.0.0",
                              "optional": true,
                              "requires": {
                                "number-is-nan": "^1.0.0"
                              },
                              "dependencies": {
                                "number-is-nan": {
                                  "version": "1.0.1",
                                  "optional": true
                                }
                              }
                            },
                            "strip-ansi": {
                              "version": "3.0.1",
                              "optional": true,
                              "requires": {
                                "ansi-regex": "^2.0.0"
                              },
                              "dependencies": {
                                "ansi-regex": {
                                  "version": "2.1.1",
                                  "optional": true
                                }
                              }
                            }
                          }
                        },
                        "strip-ansi": {
                          "version": "3.0.1",
                          "optional": true
                        },
                        "wide-align": {
                          "version": "1.1.3",
                          "optional": true,
                          "requires": {
                            "string-width": "^1.0.2 || 2"
                          },
                          "dependencies": {
                            "string-width": {
                              "version": "2.1.1",
                              "optional": true,
                              "requires": {
                                "is-fullwidth-code-point": "^2.0.0",
                                "strip-ansi": "^4.0.0"
                              },
                              "dependencies": {
                                "is-fullwidth-code-point": {
                                  "version": "2.0.0",
                                  "optional": true
                                },
                                "strip-ansi": {
                                  "version": "4.0.0",
                                  "optional": true,
                                  "requires": {
                                    "ansi-regex": "^3.0.0"
                                  },
                                  "dependencies": {
                                    "ansi-regex": {
                                      "version": "3.0.0",
                                      "optional": true
                                    }
                                  }
                                }
                              }
                            }
                          }
                        }
                      }
                    },
                    "set-blocking": {
                      "version": "2.0.0",
                      "optional": true
                    }
                  }
                },
                "pump": {
                  "version": "3.0.0",
                  "optional": true,
                  "requires": {
                    "end-of-stream": "^1.1.0",
                    "once": "^1.3.1"
                  },
                  "dependencies": {
                    "end-of-stream": {
                      "version": "1.4.4",
                      "optional": true,
                      "requires": {
                        "once": "^1.4.0"
                      },
                      "dependencies": {
                        "once": {
                          "version": "1.4.0",
                          "optional": true,
                          "requires": {
                            "wrappy": "1"
                          },
                          "dependencies": {
                            "wrappy": {
                              "version": "1.0.2",
                              "optional": true
                            }
                          }
                        }
                      }
                    },
                    "once": {
                      "version": "1.4.0",
                      "optional": true
                    }
                  }
                },
                "rc": {
                  "version": "1.2.8",
                  "optional": true,
                  "requires": {
                    "deep-extend": "^0.6.0",
                    "ini": "~1.3.0",
                    "minimist": "^1.2.0",
                    "strip-json-comments": "~2.0.1"
                  },
                  "dependencies": {
                    "deep-extend": {
                      "version": "0.6.0",
                      "optional": true
                    },
                    "ini": {
                      "version": "1.3.5",
                      "optional": true
                    },
                    "minimist": {
                      "version": "1.2.5",
                      "optional": true
                    },
                    "strip-json-comments": {
                      "version": "2.0.1",
                      "optional": true
                    }
                  }
                },
                "simple-get": {
                  "version": "3.1.0",
                  "optional": true,
                  "requires": {
                    "decompress-response": "^4.2.0",
                    "once": "^1.3.1",
                    "simple-concat": "^1.0.0"
                  },
                  "dependencies": {
                    "decompress-response": {
                      "version": "4.2.1",
                      "optional": true,
                      "requires": {
                        "mimic-response": "^2.0.0"
                      },
                      "dependencies": {
                        "mimic-response": {
                          "version": "2.1.0",
                          "optional": true
                        }
                      }
                    },
                    "once": {
                      "version": "1.4.0",
                      "optional": true
                    },
                    "simple-concat": {
                      "version": "1.0.1",
                      "optional": true
                    }
                  }
                },
                "tar-fs": {
                  "version": "2.1.0",
                  "optional": true,
                  "requires": {
                    "chownr": "^1.1.1",
                    "mkdirp-classic": "^0.5.2",
                    "pump": "^3.0.0",
                    "tar-stream": "^2.0.0"
                  },
                  "dependencies": {
                    "chownr": {
                      "version": "1.1.4",
                      "optional": true
                    },
                    "mkdirp-classic": {
                      "version": "0.5.3",
                      "optional": true
                    },
                    "pump": {
                      "version": "3.0.0",
                      "optional": true
                    },
                    "tar-stream": {
                      "version": "2.1.3",
                      "optional": true,
                      "requires": {
                        "bl": "^4.0.1",
                        "end-of-stream": "^1.4.1",
                        "fs-constants": "^1.0.0",
                        "inherits": "^2.0.3",
                        "readable-stream": "^3.1.1"
                      },
                      "dependencies": {
                        "bl": {
                          "version": "4.0.2",
                          "optional": true,
                          "requires": {
                            "buffer": "^5.5.0",
                            "inherits": "^2.0.4",
                            "readable-stream": "^3.4.0"
                          },
                          "dependencies": {
                            "buffer": {
                              "version": "5.6.0",
                              "optional": true,
                              "requires": {
                                "base64-js": "^1.0.2",
                                "ieee754": "^1.1.4"
                              },
                              "dependencies": {
                                "base64-js": {
                                  "version": "1.3.1",
                                  "optional": true
                                },
                                "ieee754": {
                                  "version": "1.1.13",
                                  "optional": true
                                }
                              }
                            },
                            "inherits": {
                              "version": "2.0.4",
                              "optional": true
                            },
                            "readable-stream": {
                              "version": "3.6.0",
                              "optional": true,
                              "requires": {
                                "inherits": "^2.0.3",
                                "string_decoder": "^1.1.1",
                                "util-deprecate": "^1.0.1"
                              },
                              "dependencies": {
                                "inherits": {
                                  "version": "2.0.4",
                                  "optional": true
                                },
                                "string_decoder": {
                                  "version": "1.3.0",
                                  "optional": true,
                                  "requires": {
                                    "safe-buffer": "~5.2.0"
                                  },
                                  "dependencies": {
                                    "safe-buffer": {
                                      "version": "5.2.1",
                                      "optional": true
                                    }
                                  }
                                },
                                "util-deprecate": {
                                  "version": "1.0.2",
                                  "optional": true
                                }
                              }
                            }
                          }
                        },
                        "end-of-stream": {
                          "version": "1.4.4",
                          "optional": true
                        },
                        "fs-constants": {
                          "version": "1.0.0",
                          "optional": true
                        },
                        "inherits": {
                          "version": "2.0.4"
                        },
                        "readable-stream": {
                          "version": "3.6.0",
                          "optional": true,
                          "requires": {
                            "inherits": "^2.0.3"
                          }
                        }
                      }
                    }
                  }
                },
                "tunnel-agent": {
                  "version": "0.6.0",
                  "optional": true,
                  "requires": {
                    "safe-buffer": "^5.0.1"
                  },
                  "dependencies": {
                    "safe-buffer": {
                      "version": "5.2.1",
                      "optional": true
                    }
                  }
                },
                "which-pm-runs": {
                  "version": "1.0.0",
                  "optional": true
                }
              }
            }
          }
        },
        "@serialport/parser-byte-length": {
          "version": "9.0.0",
          "optional": true
        },
        "@serialport/parser-cctalk": {
          "version": "9.0.0",
          "optional": true
        },
        "@serialport/parser-delimiter": {
          "version": "9.0.0"
        },
        "@serialport/parser-readline": {
          "version": "9.0.0",
          "optional": true,
          "requires": {
            "@serialport/parser-delimiter": "^9.0.0"
          }
        },
        "@serialport/parser-ready": {
          "version": "9.0.0",
          "optional": true
        },
        "@serialport/parser-regex": {
          "version": "9.0.0",
          "optional": true
        },
        "@serialport/stream": {
          "version": "9.0.0",
          "optional": true,
          "requires": {
            "debug": "^4.1.1"
          },
          "dependencies": {
            "debug": {
              "version": "4.2.0",
              "optional": true
            }
          }
        },
        "debug": {
          "version": "4.2.0",
          "optional": true
        }
      }
    },
    "source-map-support": {
      "version": "0.5.19",
      "requires": {
        "buffer-from": "^1.0.0",
        "source-map": "^0.6.0"
      },
      "dependencies": {
        "buffer-from": {
          "version": "1.1.1"
        },
        "source-map": {
          "version": "0.6.1"
        }
      }
    },
    "vm2": {
      "version": "3.9.2"
    }
  }
}
